Microsoft Visual Studio Solution File, Format Version 12.00
# Visual Studio Version 17
VisualStudioVersion = 17.5.2.0
MinimumVisualStudioVersion = 10.0.40219.1
Project("{FAE04EC0-301F-11D3-BF4B-00C04F79EFBC}") = "PassphraseGenerator", "PassphraseGenerator.csproj", "{57BA9CBC-B743-D12D-0694-17933D297256}"
EndProject
Global
	GlobalSection(SolutionConfigurationPlatforms) = preSolution
		Debug|Any CPU = Debug|Any CPU
		Release|Any CPU = Release|Any CPU
	EndGlobalSection
	GlobalSection(ProjectConfigurationPlatforms) = postSolution
		{57BA9CBC-B743-D12D-0694-17933D297256}.Debug|Any CPU.ActiveCfg = Debug|Any CPU
		{57BA9CBC-B743-D12D-0694-17933D297256}.Debug|Any CPU.Build.0 = Debug|Any CPU
		{57BA9CBC-B743-D12D-0694-17933D297256}.Release|Any CPU.ActiveCfg = Release|Any CPU
		{57BA9CBC-B743-D12D-0694-17933D297256}.Release|Any CPU.Build.0 = Release|Any CPU
	EndGlobalSection
	GlobalSection(SolutionProperties) = preSolution
		HideSolutionNode = FALSE
	EndGlobalSection
	GlobalSection(ExtensibilityGlobals) = postSolution
		SolutionGuid = {2F3D5F68-B3DB-4603-8EA2-5C63FF90A681}
	EndGlobalSection
EndGlobal
